// !$*UTF8*$!
{
	archiveVersion = 1;
	classes = {
	};
	objectVersion = 48;
	objects = {

/* Begin PBXBuildFile section */
		4F2E4CCF1FC0EAD200E967A5 /* AppDelegate.swift in Sources */ = {isa = PBXBuildFile; fileRef = 4F2E4CCE1FC0EAD200E967A5 /* AppDelegate.swift */; };
		4F2E4CD31FC0EAD200E967A5 /* RegisterVC.swift in Sources */ = {isa = PBXBuildFile; fileRef = 4F2E4CD21FC0EAD200E967A5 /* RegisterVC.swift */; };
		4F2E4CD61FC0EAD200E967A5 /* Main.storyboard in Resources */ = {isa = PBXBuildFile; fileRef = 4F2E4CD41FC0EAD200E967A5 /* Main.storyboard */; };
		4F2E4CD81FC0EAD200E967A5 /* Assets.xcassets in Resources */ = {isa = PBXBuildFile; fileRef = 4F2E4CD71FC0EAD200E967A5 /* Assets.xcassets */; };
		4F2E4CDB1FC0EAD200E967A5 /* LaunchScreen.storyboard in Resources */ = {isa = PBXBuildFile; fileRef = 4F2E4CD91FC0EAD200E967A5 /* LaunchScreen.storyboard */; };
		4F2E4CE61FC0EAD200E967A5 /* DMU_Final_Year_ProjectTests.swift in Sources */ = {isa = PBXBuildFile; fileRef = 4F2E4CE51FC0EAD200E967A5 /* DMU_Final_Year_ProjectTests.swift */; };
		4F2E4CF11FC0EAD200E967A5 /* DMU_Final_Year_ProjectUITests.swift in Sources */ = {isa = PBXBuildFile; fileRef = 4F2E4CF01FC0EAD200E967A5 /* DMU_Final_Year_ProjectUITests.swift */; };
		4FE8F7F21FCF3A2E00915720 /* Background.jpg in Resources */ = {isa = PBXBuildFile; fileRef = 4FE8F7F11FCF3A2E00915720 /* Background.jpg */; };
/* End PBXBuildFile section */

/* Begin PBXContainerItemProxy section */
		4F2E4CE21FC0EAD200E967A5 /* PBXContainerItemProxy */ = {
			isa = PBXContainerItemProxy;
			containerPortal = 4F2E4CC31FC0EAD200E967A5 /* Project object */;
			proxyType = 1;
			remoteGlobalIDString = 4F2E4CCA1FC0EAD200E967A5;
			remoteInfo = "DMU Final Year Project";
		};
		4F2E4CED1FC0EAD200E967A5 /* PBXContainerItemProxy */ = {
			isa = PBXContainerItemProxy;
			containerPortal = 4F2E4CC31FC0EAD200E967A5 /* Project object */;
			proxyType = 1;
			remoteGlobalIDString = 4F2E4CCA1FC0EAD200E967A5;
			remoteInfo = "DMU Final Year Project";
		};
/* End PBXContainerItemProxy section */

/* Begin PBXFileReference section */
		4F2E4CCB1FC0EAD200E967A5 /* DMU Final Year Project.app */ = {isa = PBXFileReference; explicitFileType = wrapper.application; includeInIndex = 0; path = "DMU Final Year Project.app"; sourceTree = BUILT_PRODUCTS_DIR; };
		4F2E4CCE1FC0EAD200E967A5 /* AppDelegate.swift */ = {isa = PBXFileReference; lastKnownFileType = sourcecode.swift; path = AppDelegate.swift; sourceTree = "<group>"; };
		4F2E4CD21FC0EAD200E967A5 /* RegisterVC.swift */ = {isa = PBXFileReference; lastKnownFileType = sourcecode.swift; path = RegisterVC.swift; sourceTree = "<group>"; };
		4F2E4CD51FC0EAD200E967A5 /* Base */ = {isa = PBXFileReference; lastKnownFileType = file.storyboard; name = Base; path = Base.lproj/Main.storyboard; sourceTree = "<group>"; };
		4F2E4CD71FC0EAD200E967A5 /* Assets.xcassets */ = {isa = PBXFileReference; lastKnownFileType = folder.assetcatalog; path = Assets.xcassets; sourceTree = "<group>"; };
		4F2E4CDA1FC0EAD200E967A5 /* Base */ = {isa = PBXFileReference; lastKnownFileType = file.storyboard; name = Base; path = Base.lproj/LaunchScreen.storyboard; sourceTree = "<group>"; };
		4F2E4CDC1FC0EAD200E967A5 /* Info.plist */ = {isa = PBXFileReference; lastKnownFileType = text.plist.xml; path = Info.plist; sourceTree = "<group>"; };
		4F2E4CE11FC0EAD200E967A5 /* DMU Final Year ProjectTests.xctest */ = {isa = PBXFileReference; explicitFileType = wrapper.cfbundle; includeInIndex = 0; path = "DMU Final Year ProjectTests.xctest"; sourceTree = BUILT_PRODUCTS_DIR; };
		4F2E4CE51FC0EAD200E967A5 /* DMU_Final_Year_ProjectTests.swift */ = {isa = PBXFileReference; lastKnownFileType = sourcecode.swift; path = DMU_Final_Year_ProjectTests.swift; sourceTree = "<group>"; };
		4F2E4CE71FC0EAD200E967A5 /* Info.plist */ = {isa = PBXFileReference; lastKnownFileType = text.plist.xml; path = Info.plist; sourceTree = "<group>"; };
		4F2E4CEC1FC0EAD200E967A5 /* DMU Final Year ProjectUITests.xctest */ = {isa = PBXFileReference; explicitFileType = wrapper.cfbundle; includeInIndex = 0; path = "DMU Final Year ProjectUITests.xctest"; sourceTree = BUILT_PRODUCTS_DIR; };
		4F2E4CF01FC0EAD200E967A5 /* DMU_Final_Year_ProjectUITests.swift */ = {isa = PBXFileReference; lastKnownFileType = sourcecode.swift; path = DMU_Final_Year_ProjectUITests.swift; sourceTree = "<group>"; };
		4F2E4CF21FC0EAD200E967A5 /* Info.plist */ = {isa = PBXFileReference; lastKnownFileType = text.plist.xml; path = Info.plist; sourceTree = "<group>"; };
		4FE8F7F11FCF3A2E00915720 /* Background.jpg */ = {isa = PBXFileReference; lastKnownFileType = image.jpeg; path = Background.jpg; sourceTree = "<group>"; };
/* End PBXFileReference section */

/* Begin PBXFrameworksBuildPhase section */
		4F2E4CC81FC0EAD200E967A5 /* Frameworks */ = {
			isa = PBXFrameworksBuildPhase;
			buildActionMask = 2147483647;
			files = (
			);
			runOnlyForDeploymentPostprocessing = 0;
		};
		4F2E4CDE1FC0EAD200E967A5 /* Frameworks */ = {
			isa = PBXFrameworksBuildPhase;
			buildActionMask = 2147483647;
			files = (
			);
			runOnlyForDeploymentPostprocessing = 0;
		};
		4F2E4CE91FC0EAD200E967A5 /* Frameworks */ = {
			isa = PBXFrameworksBuildPhase;
			buildActionMask = 2147483647;
			files = (
			);
			runOnlyForDeploymentPostprocessing = 0;
		};
/* End PBXFrameworksBuildPhase section */

/* Begin PBXGroup section */
		4F2E4CC21FC0EAD200E967A5 = {
			isa = PBXGroup;
			children = (
				4F2E4CCD1FC0EAD200E967A5 /* DMU Final Year Project */,
				4F2E4CE41FC0EAD200E967A5 /* DMU Final Year ProjectTests */,
				4F2E4CEF1FC0EAD200E967A5 /* DMU Final Year ProjectUITests */,
				4F2E4CCC1FC0EAD200E967A5 /* Products */,
			);
			sourceTree = "<group>";
		};
		4F2E4CCC1FC0EAD200E967A5 /* Products */ = {
			isa = PBXGroup;
			children = (
				4F2E4CCB1FC0EAD200E967A5 /* DMU Final Year Project.app */,
				4F2E4CE11FC0EAD200E967A5 /* DMU Final Year ProjectTests.xctest */,
				4F2E4CEC1FC0EAD200E967A5 /* DMU Final Year ProjectUITests.xctest */,
			);
			name = Products;
			sourceTree = "<group>";
		};
		4F2E4CCD1FC0EAD200E967A5 /* DMU Final Year Project */ = {
			isa = PBXGroup;
			children = (
				4F2E4CCE1FC0EAD200E967A5 /* AppDelegate.swift */,
				4F2E4CD21FC0EAD200E967A5 /* RegisterVC.swift */,
				4F2E4CD41FC0EAD200E967A5 /* Main.storyboard */,
				4F2E4CD71FC0EAD200E967A5 /* Assets.xcassets */,
				4F2E4CD91FC0EAD200E967A5 /* LaunchScreen.storyboard */,
				4F2E4CDC1FC0EAD200E967A5 /* Info.plist */,
				4FE8F7F11FCF3A2E00915720 /* Background.jpg */,
			);
			path = "DMU Final Year Project";
			sourceTree = "<group>";
		};
		4F2E4CE41FC0EAD200E967A5 /* DMU Final Year ProjectTests */ = {
			isa = PBXGroup;
			children = (
				4F2E4CE51FC0EAD200E967A5 /* DMU_Final_Year_ProjectTests.swift */,
				4F2E4CE71FC0EAD200E967A5 /* Info.plist */,
			);
			path = "DMU Final Year ProjectTests";
			sourceTree = "<group>";
		};
		4F2E4CEF1FC0EAD200E967A5 /* DMU Final Year ProjectUITests */ = {
			isa = PBXGroup;
			children = (
				4F2E4CF01FC0EAD200E967A5 /* DMU_Final_Year_ProjectUITests.swift */,
				4F2E4CF21FC0EAD200E967A5 /* Info.plist */,
			);
			path = "DMU Final Year ProjectUITests";
			sourceTree = "<group>";
		};
/* End PBXGroup section */

/* Begin PBXNativeTarget section */
		4F2E4CCA1FC0EAD200E967A5 /* DMU Final Year Project */ = {
			isa = PBXNativeTarget;
			buildConfigurationList = 4F2E4CF51FC0EAD200E967A5 /* Build configuration list for PBXNativeTarget "DMU Final Year Project" */;
			buildPhases = (
				4F2E4CC71FC0EAD200E967A5 /* Sources */,
				4F2E4CC81FC0EAD200E967A5 /* Frameworks */,
				4F2E4CC91FC0EAD200E967A5 /* Resources */,
			);
			buildRules = (
			);
			dependencies = (
			);
			name = "DMU Final Year Project";
			productName = "DMU Final Year Project";
			productReference = 4F2E4CCB1FC0EAD200E967A5 /* DMU Final Year Project.app */;
			productType = "com.apple.product-type.application";
		};
		4F2E4CE01FC0EAD200E967A5 /* DMU Final Year ProjectTests */ = {
			isa = PBXNativeTarget;
			buildConfigurationList = 4F2E4CF81FC0EAD200E967A5 /* Build configuration list for PBXNativeTarget "DMU Final Year ProjectTests" */;
			buildPhases = (
				4F2E4CDD1FC0EAD200E967A5 /* Sources */,
				4F2E4CDE1FC0EAD200E967A5 /* Frameworks */,
				4F2E4CDF1FC0EAD200E967A5 /* Resources */,
			);
			buildRules = (
			);
			dependencies = (
				4F2E4CE31FC0EAD200E967A5 /* PBXTargetDependency */,
			);
			name = "DMU Final Year ProjectTests";
			productName = "DMU Final Year ProjectTests";
			productReference = 4F2E4CE11FC0EAD200E967A5 /* DMU Final Year ProjectTests.xctest */;
			productType = "com.apple.product-type.bundle.unit-test";
		};
		4F2E4CEB1FC0EAD200E967A5 /* DMU Final Year ProjectUITests */ = {
			isa = PBXNativeTarget;
			buildConfigurationList = 4F2E4CFB1FC0EAD200E967A5 /* Build configuration list for PBXNativeTarget "DMU Final Year ProjectUITests" */;
			buildPhases = (
				4F2E4CE81FC0EAD200E967A5 /* Sources */,
				4F2E4CE91FC0EAD200E967A5 /* Frameworks */,
				4F2E4CEA1FC0EAD200E967A5 /* Resources */,
			);
			buildRules = (
			);
			dependencies = (
				4F2E4CEE1FC0EAD200E967A5 /* PBXTargetDependency */,
			);
			name = "DMU Final Year ProjectUITests";
			productName = "DMU Final Year ProjectUITests";
			productReference = 4F2E4CEC1FC0EAD200E967A5 /* DMU Final Year ProjectUITests.xctest */;
			productType = "com.apple.product-type.bundle.ui-testing";
		};
/* End PBXNativeTarget section */

/* Begin PBXProject section */
		4F2E4CC31FC0EAD200E967A5 /* Project object */ = {
			isa = PBXProject;
			attributes = {
				LastSwiftUpdateCheck = 0910;
				LastUpgradeCheck = 0910;
				ORGANIZATIONNAME = "Shriya Patel";
				TargetAttributes = {
					4F2E4CCA1FC0EAD200E967A5 = {
						CreatedOnToolsVersion = 9.1;
						ProvisioningStyle = Automatic;
					};
					4F2E4CE01FC0EAD200E967A5 = {
						CreatedOnToolsVersion = 9.1;
						ProvisioningStyle = Automatic;
						TestTargetID = 4F2E4CCA1FC0EAD200E967A5;
					};
					4F2E4CEB1FC0EAD200E967A5 = {
						CreatedOnToolsVersion = 9.1;
						ProvisioningStyle = Automatic;
						TestTargetID = 4F2E4CCA1FC0EAD200E967A5;
					};
				};
			};
			buildConfigurationList = 4F2E4CC61FC0EAD200E967A5 /* Build configuration list for PBXProject "DMU Final Year Project" */;
			compatibilityVersion = "Xcode 8.0";
			developmentRegion = en;
			hasScannedForEncodings = 0;
			knownRegions = (
				en,
				Base,
			);
			mainGroup = 4F2E4CC21FC0EAD200E967A5;
			productRefGroup = 4F2E4CCC1FC0EAD200E967A5 /* Products */;
			projectDirPath = "";
			projectRoot = "";
			targets = (
				4F2E4CCA1FC0EAD200E967A5 /* DMU Final Year Project */,
				4F2E4CE01FC0EAD200E967A5 /* DMU Final Year ProjectTests */,
				4F2E4CEB1FC0EAD200E967A5 /* DMU Final Year ProjectUITests */,
			);
		};
/* End PBXProject section */

/* Begin PBXResourcesBuildPhase section */
		4F2E4CC91FC0EAD200E967A5 /* Resources */ = {
			isa = PBXResourcesBuildPhase;
			buildActionMask = 2147483647;
			files = (
				4F2E4CDB1FC0EAD200E967A5 /* LaunchScreen.storyboard in Resources */,
				4F2E4CD81FC0EAD200E967A5 /* Assets.xcassets in Resources */,
				4FE8F7F21FCF3A2E00915720 /* Background.jpg in Resources */,
				4F2E4CD61FC0EAD200E967A5 /* Main.storyboard in Resources */,
			);
			runOnlyForDeploymentPostprocessing = 0;
		};
		4F2E4CDF1FC0EAD200E967A5 /* Resources */ = {
			isa = PBXResourcesBuildPhase;
			buildActionMask = 2147483647;
			files = (
			);
			runOnlyForDeploymentPostprocessing = 0;
		};
		4F2E4CEA1FC0EAD200E967A5 /* Resources */ = {
			isa = PBXResourcesBuildPhase;
			buildActionMask = 2147483647;
			files = (
			);
			runOnlyForDeploymentPostprocessing = 0;
		};
/* End PBXResourcesBuildPhase section */

/* Begin PBXSourcesBuildPhase section */
		4F2E4CC71FC0EAD200E967A5 /* Sources */ = {
			isa = PBXSourcesBuildPhase;
			buildActionMask = 2147483647;
			files = (
				4F2E4CD31FC0EAD200E967A5 /* RegisterVC.swift in Sources */,
				4F2E4CCF1FC0EAD200E967A5 /* AppDelegate.swift in Sources */,
			);
			runOnlyForDeploymentPostprocessing = 0;
		};
		4F2E4CDD1FC0EAD200E967A5 /* Sources */ = {
			isa = PBXSourcesBuildPhase;
			buildActionMask = 2147483647;
			files = (
				4F2E4CE61FC0EAD200E967A5 /* DMU_Final_Year_ProjectTests.swift in Sources */,
			);
			runOnlyForDeploymentPostprocessing = 0;
		};
		4F2E4CE81FC0EAD200E967A5 /* Sources */ = {
			isa = PBXSourcesBuildPhase;
			buildActionMask = 2147483647;
			files = (
				4F2E4CF11FC0EAD200E967A5 /* DMU_Final_Year_ProjectUITests.swift in Sources */,
			);
			runOnlyForDeploymentPostprocessing = 0;
		};
/* End PBXSourcesBuildPhase section */

/* Begin PBXTargetDependency section */
		4F2E4CE31FC0EAD200E967A5 /* PBXTargetDependency */ = {
			isa = PBXTargetDependency;
			target = 4F2E4CCA1FC0EAD200E967A5 /* DMU Final Year Project */;
			targetProxy = 4F2E4CE21FC0EAD200E967A5 /* PBXContainerItemProxy */;
		};
		4F2E4CEE1FC0EAD200E967A5 /* PBXTargetDependency */ = {
			isa = PBXTargetDependency;
			target = 4F2E4CCA1FC0EAD200E967A5 /* DMU Final Year Project */;
			targetProxy = 4F2E4CED1FC0EAD200E967A5 /* PBXContainerItemProxy */;
		};
/* End PBXTargetDependency section */

/* Begin PBXVariantGroup section */
		4F2E4CD41FC0EAD200E967A5 /* Main.storyboard */ = {
			isa = PBXVariantGroup;
			children = (
				4F2E4CD51FC0EAD200E967A5 /* Base */,
			);
			name = Main.storyboard;
			sourceTree = "<group>";
		};
		4F2E4CD91FC0EAD200E967A5 /* LaunchScreen.storyboard */ = {
			isa = PBXVariantGroup;
			children = (
				4F2E4CDA1FC0EAD200E967A5 /* Base */,
			);
			name = LaunchScreen.storyboard;
			sourceTree = "<group>";
		};
/* End PBXVariantGroup section */

/* Begin XCBuildConfiguration section */
		4F2E4CF31FC0EAD200E967A5 /* Debug */ = {
			isa = XCBuildConfiguration;
			buildSettings = {
				ALWAYS_SEARCH_USER_PATHS = NO;
				CLANG_ANALYZER_NONNULL = YES;
				CLANG_ANALYZER_NUMBER_OBJECT_CONVERSION = YES_AGGRESSIVE;
				CLANG_CXX_LANGUAGE_STANDARD = "gnu++14";
				CLANG_CXX_LIBRARY = "libc++";
				CLANG_ENABLE_MODULES = YES;
				CLANG_ENABLE_OBJC_ARC = YES;
				CLANG_WARN_BLOCK_CAPTURE_AUTORELEASING = YES;
				CLANG_WARN_BOOL_CONVERSION = YES;
				CLANG_WARN_COMMA = YES;
				CLANG_WARN_CONSTANT_CONVERSION = YES;
				CLANG_WARN_DIRECT_OBJC_ISA_USAGE = YES_ERROR;
				CLANG_WARN_DOCUMENTATION_COMMENTS = YES;
				CLANG_WARN_EMPTY_BODY = YES;
				CLANG_WARN_ENUM_CONVERSION = YES;
				CLANG_WARN_INFINITE_RECURSION = YES;
				CLANG_WARN_INT_CONVERSION = YES;
				CLANG_WARN_NON_LITERAL_NULL_CONVERSION = YES;
				CLANG_WARN_OBJC_LITERAL_CONVERSION = YES;
				CLANG_WARN_OBJC_ROOT_CLASS = YES_ERROR;
				CLANG_WARN_RANGE_LOOP_ANALYSIS = YES;
				CLANG_WARN_STRICT_PROTOTYPES = YES;
				CLANG_WARN_SUSPICIOUS_MOVE = YES;
				CLANG_WARN_UNGUARDED_AVAILABILITY = YES_AGGRESSIVE;
				CLANG_WARN_UNREACHABLE_CODE = YES;
				CLANG_WARN__DUPLICATE_METHOD_MATCH = YES;
				CODE_SIGN_IDENTITY = "iPhone Developer";
				COPY_PHASE_STRIP = NO;
				DEBUG_INFORMATION_FORMAT = dwarf;
				ENABLE_STRICT_OBJC_MSGSEND = YES;
				ENABLE_TESTABILITY = YES;
				GCC_C_LANGUAGE_STANDARD = gnu11;
				GCC_DYNAMIC_NO_PIC = NO;
				GCC_NO_COMMON_BLOCKS = YES;
				GCC_OPTIMIZATION_LEVEL = 0;
				GCC_PREPROCESSOR_DEFINITIONS = (
					"DEBUG=1",
					"$(inherited)",
				);
				GCC_WARN_64_TO_32_BIT_CONVERSION = YES;
				GCC_WARN_ABOUT_RETURN_TYPE = YES_ERROR;
				GCC_WARN_UNDECLARED_SELECTOR = YES;
				GCC_WARN_UNINITIALIZED_AUTOS = YES_AGGRESSIVE;
				GCC_WARN_UNUSED_FUNCTION = YES;
				GCC_WARN_UNUSED_VARIABLE = YES;
				IPHONEOS_DEPLOYMENT_TARGET = 11.1;
				MTL_ENABLE_DEBUG_INFO = YES;
				ONLY_ACTIVE_ARCH = YES;
				SDKROOT = iphoneos;
				SWIFT_ACTIVE_COMPILATION_CONDITIONS = DEBUG;
				SWIFT_OPTIMIZATION_LEVEL = "-Onone";
			};
			name = Debug;
		};
		4F2E4CF41FC0EAD200E967A5 /* Release */ = {
			isa = XCBuildConfiguration;
			buildSettings = {
				ALWAYS_SEARCH_USER_PATHS = NO;
				CLANG_ANALYZER_NONNULL = YES;
				CLANG_ANALYZER_NUMBER_OBJECT_CONVERSION = YES_AGGRESSIVE;
				CLANG_CXX_LANGUAGE_STANDARD = "gnu++14";
				CLANG_CXX_LIBRARY = "libc++";
				CLANG_ENABLE_MODULES = YES;
				CLANG_ENABLE_OBJC_ARC = YES;
				CLANG_WARN_BLOCK_CAPTURE_AUTORELEASING = YES;
				CLANG_WARN_BOOL_CONVERSION = YES;
				CLANG_WARN_COMMA = YES;
				CLANG_WARN_CONSTANT_CONVERSION = YES;
				CLANG_WARN_DIRECT_OBJC_ISA_USAGE = YES_ERROR;
				CLANG_WARN_DOCUMENTATION_COMMENTS = YES;
				CLANG_WARN_EMPTY_BODY = YES;
				CLANG_WARN_ENUM_CONVERSION = YES;
				CLANG_WARN_INFINITE_RECURSION = YES;
				CLANG_WARN_INT_CONVERSION = YES;
				CLANG_WARN_NON_LITERAL_NULL_CONVERSION = YES;
				CLANG_WARN_OBJC_LITERAL_CONVERSION = YES;
				CLANG_WARN_OBJC_ROOT_CLASS = YES_ERROR;
				CLANG_WARN_RANGE_LOOP_ANALYSIS = YES;
				CLANG_WARN_STRICT_PROTOTYPES = YES;
				CLANG_WARN_SUSPICIOUS_MOVE = YES;
				CLANG_WARN_UNGUARDED_AVAILABILITY = YES_AGGRESSIVE;
				CLANG_WARN_UNREACHABLE_CODE = YES;
				CLANG_WARN__DUPLICATE_METHOD_MATCH = YES;
				CODE_SIGN_IDENTITY = "iPhone Developer";
				COPY_PHASE_STRIP = NO;
				DEBUG_INFORMATION_FORMAT = "dwarf-with-dsym";
				ENABLE_NS_ASSERTIONS = NO;
				ENABLE_STRICT_OBJC_MSGSEND = YES;
				GCC_C_LANGUAGE_STANDARD = gnu11;
				GCC_NO_COMMON_BLOCKS = YES;
				GCC_WARN_64_TO_32_BIT_CONVERSION = YES;
				GCC_WARN_ABOUT_RETURN_TYPE = YES_ERROR;
				GCC_WARN_UNDECLARED_SELECTOR = YES;
				GCC_WARN_UNINITIALIZED_AUTOS = YES_AGGRESSIVE;
				GCC_WARN_UNUSED_FUNCTION = YES;
				GCC_WARN_UNUSED_VARIABLE = YES;
				IPHONEOS_DEPLOYMENT_TARGET = 11.1;
				MTL_ENABLE_DEBUG_INFO = NO;
				SDKROOT = iphoneos;
				SWIFT_OPTIMIZATION_LEVEL = "-Owholemodule";
				VALIDATE_PRODUCT = YES;
			};
			name = Release;
		};
		4F2E4CF61FC0EAD200E967A5 /* Debug */ = {
			isa = XCBuildConfiguration;
			buildSettings = {
				ASSETCATALOG_COMPILER_APPICON_NAME = AppIcon;
				CODE_SIGN_STYLE = Automatic;
				INFOPLIST_FILE = "DMU Final Year Project/Info.plist";
				LD_RUNPATH_SEARCH_PATHS = "$(inherited) @executable_path/Frameworks";
				PRODUCT_BUNDLE_IDENTIFIER = "DMU.DMU-Final-Year-Project";
				PRODUCT_NAME = "$(TARGET_NAME)";
				SWIFT_VERSION = 4.0;
				TARGETED_DEVICE_FAMILY = "1,2";
			};
			name = Debug;
		};
		4F2E4CF71FC0EAD200E967A5 /* Release */ = {
			isa = XCBuildConfiguration;
			buildSettings = {
				ASSETCATALOG_COMPILER_APPICON_NAME = AppIcon;
				CODE_SIGN_STYLE = Automatic;
				INFOPLIST_FILE = "DMU Final Year Project/Info.plist";
				LD_RUNPATH_SEARCH_PATHS = "$(inherited) @executable_path/Frameworks";
				PRODUCT_BUNDLE_IDENTIFIER = "DMU.DMU-Final-Year-Project";
				PRODUCT_NAME = "$(TARGET_NAME)";
				SWIFT_VERSION = 4.0;
				TARGETED_DEVICE_FAMILY = "1,2";
			};
			name = Release;
		};
		4F2E4CF91FC0EAD200E967A5 /* Debug */ = {
			isa = XCBuildConfiguration;
			buildSettings = {
				ALWAYS_EMBED_SWIFT_STANDARD_LIBRARIES = YES;
				BUNDLE_LOADER = "$(TEST_HOST)";
				CODE_SIGN_STYLE = Automatic;
				INFOPLIST_FILE = "DMU Final Year ProjectTests/Info.plist";
				LD_RUNPATH_SEARCH_PATHS = "$(inherited) @executable_path/Frameworks @loader_path/Frameworks";
				PRODUCT_BUNDLE_IDENTIFIER = "DMU.DMU-Final-Year-ProjectTests";
				PRODUCT_NAME = "$(TARGET_NAME)";
				SWIFT_VERSION = 4.0;
				TARGETED_DEVICE_FAMILY = "1,2";
				TEST_HOST = "$(BUILT_PRODUCTS_DIR)/DMU Final Year Project.app/DMU Final Year Project";
			};
			name = Debug;
		};
		4F2E4CFA1FC0EAD200E967A5 /* Release */ = {
			isa = XCBuildConfiguration;
			buildSettings = {
				ALWAYS_EMBED_SWIFT_STANDARD_LIBRARIES = YES;
				BUNDLE_LOADER = "$(TEST_HOST)";
				CODE_SIGN_STYLE = Automatic;
				INFOPLIST_FILE = "DMU Final Year ProjectTests/Info.plist";
				LD_RUNPATH_SEARCH_PATHS = "$(inherited) @executable_path/Frameworks @loader_path/Frameworks";
				PRODUCT_BUNDLE_IDENTIFIER = "DMU.DMU-Final-Year-ProjectTests";
				PRODUCT_NAME = "$(TARGET_NAME)";
				SWIFT_VERSION = 4.0;
				TARGETED_DEVICE_FAMILY = "1,2";
				TEST_HOST = "$(BUILT_PRODUCTS_DIR)/DMU Final Year Project.app/DMU Final Year Project";
			};
			name = Release;
		};
		4F2E4CFC1FC0EAD200E967A5 /* Debug */ = {
			isa = XCBuildConfiguration;
			buildSettings = {
				ALWAYS_EMBED_SWIFT_STANDARD_LIBRARIES = YES;
				CODE_SIGN_STYLE = Automatic;
				INFOPLIST_FILE = "DMU Final Year ProjectUITests/Info.plist";
				LD_RUNPATH_SEARCH_PATHS = "$(inherited) @executable_path/Frameworks @loader_path/Frameworks";
				PRODUCT_BUNDLE_IDENTIFIER = "DMU.DMU-Final-Year-ProjectUITests";
				PRODUCT_NAME = "$(TARGET_NAME)";
				SWIFT_VERSION = 4.0;
				TARGETED_DEVICE_FAMILY = "1,2";
				TEST_TARGET_NAME = "DMU Final Year Project";
			};
			name = Debug;
		};
		4F2E4CFD1FC0EAD200E967A5 /* Release */ = {
			isa = XCBuildConfiguration;
			buildSettings = {
				ALWAYS_EMBED_SWIFT_STANDARD_LIBRARIES = YES;
				CODE_SIGN_STYLE = Automatic;
				INFOPLIST_FILE = "DMU Final Year ProjectUITests/Info.plist";
				LD_RUNPATH_SEARCH_PATHS = "$(inherited) @executable_path/Frameworks @loader_path/Frameworks";
				PRODUCT_BUNDLE_IDENTIFIER = "DMU.DMU-Final-Year-ProjectUITests";
				PRODUCT_NAME = "$(TARGET_NAME)";
				SWIFT_VERSION = 4.0;
				TARGETED_DEVICE_FAMILY = "1,2";
				TEST_TARGET_NAME = "DMU Final Year Project";
			};
			name = Release;
		};
/* End XCBuildConfiguration section */

/* Begin XCConfigurationList section */
		4F2E4CC61FC0EAD200E967A5 /* Build configuration list for PBXProject "DMU Final Year Project" */ = {
			isa = XCConfigurationList;
			buildConfigurations = (
				4F2E4CF31FC0EAD200E967A5 /* Debug */,
				4F2E4CF41FC0EAD200E967A5 /* Release */,
			);
			defaultConfigurationIsVisible = 0;
			defaultConfigurationName = Release;
		};
		4F2E4CF51FC0EAD200E967A5 /* Build configuration list for PBXNativeTarget "DMU Final Year Project" */ = {
			isa = XCConfigurationList;
			buildConfigurations = (
				4F2E4CF61FC0EAD200E967A5 /* Debug */,
				4F2E4CF71FC0EAD200E967A5 /* Release */,
			);
			defaultConfigurationIsVisible = 0;
			defaultConfigurationName = Release;
		};
		4F2E4CF81FC0EAD200E967A5 /* Build configuration list for PBXNativeTarget "DMU Final Year ProjectTests" */ = {
			isa = XCConfigurationList;
			buildConfigurations = (
				4F2E4CF91FC0EAD200E967A5 /* Debug */,
				4F2E4CFA1FC0EAD200E967A5 /* Release */,
			);
			defaultConfigurationIsVisible = 0;
			defaultConfigurationName = Release;
		};
		4F2E4CFB1FC0EAD200E967A5 /* Build configuration list for PBXNativeTarget "DMU Final Year ProjectUITests" */ = {
			isa = XCConfigurationList;
			buildConfigurations = (
				4F2E4CFC1FC0EAD200E967A5 /* Debug */,
				4F2E4CFD1FC0EAD200E967A5 /* Release */,
			);
			defaultConfigurationIsVisible = 0;
			defaultConfigurationName = Release;
		};
/* End XCConfigurationList section */
	};
	rootObject = 4F2E4CC31FC0EAD200E967A5 /* Project object */;
}
